
Microsoft Visual Studio Solution File, Format Version 12.00
Project("{FAE04EC0-301F-11D3-BF4B-00C04F79EFBC}") = "ayaya-server", "ayaya-server\ayaya-server.csproj", "{88F1ED58-3025-4827-94C3-F98383729E20}"
EndProject
Project("{FAE04EC0-301F-11D3-BF4B-00C04F79EFBC}") = "tests", "tests\tests.csproj", "{F185EB40-9DAE-4D71-8BBD-9273EDD38508}"
EndProject
Global
	GlobalSection(SolutionConfigurationPlatforms) = preSolution
		Debug|Any CPU = Debug|Any CPU
		Release|Any CPU = Release|Any CPU
	EndGlobalSection
	GlobalSection(ProjectConfigurationPlatforms) = postSolution
		{88F1ED58-3025-4827-94C3-F98383729E20}.Debug|Any CPU.ActiveCfg = Debug|Any CPU
		{88F1ED58-3025-4827-94C3-F98383729E20}.Debug|Any CPU.Build.0 = Debug|Any CPU
		{88F1ED58-3025-4827-94C3-F98383729E20}.Release|Any CPU.ActiveCfg = Release|Any CPU
		{88F1ED58-3025-4827-94C3-F98383729E20}.Release|Any CPU.Build.0 = Release|Any CPU
		{F185EB40-9DAE-4D71-8BBD-9273EDD38508}.Debug|Any CPU.ActiveCfg = Debug|Any CPU
		{F185EB40-9DAE-4D71-8BBD-9273EDD38508}.Debug|Any CPU.Build.0 = Debug|Any CPU
		{F185EB40-9DAE-4D71-8BBD-9273EDD38508}.Release|Any CPU.ActiveCfg = Release|Any CPU
		{F185EB40-9DAE-4D71-8BBD-9273EDD38508}.Release|Any CPU.Build.0 = Release|Any CPU
	EndGlobalSection
EndGlobal
